
Microsoft Visual Studio Solution File, Format Version 12.00
# Visual Studio Version 17
VisualStudioVersion = 17.7.34221.43
MinimumVisualStudioVersion = 10.0.40219.1
Project("{9A19103F-16F7-4668-BE54-9A1E7A4F7556}") = "SIMS", "SIMS.csproj", "{2E3193BD-B4E1-4BD9-812A-72EFEB7B9C00}"
EndProject
Project("{9A19103F-16F7-4668-BE54-9A1E7A4F7556}") = "SIMS Testing", "..\SIMS Testing\SIMS Testing.csproj", "{0EE153F8-47E9-4EF6-87BF-125423816C53}"
EndProject
Global
	GlobalSection(SolutionConfigurationPlatforms) = preSolution
		Debug|Any CPU = Debug|Any CPU
		Release|Any CPU = Release|Any CPU
	EndGlobalSection
	GlobalSection(ProjectConfigurationPlatforms) = postSolution
		{2E3193BD-B4E1-4BD9-812A-72EFEB7B9C00}.Debug|Any CPU.ActiveCfg = Debug|Any CPU
		{2E3193BD-B4E1-4BD9-812A-72EFEB7B9C00}.Debug|Any CPU.Build.0 = Debug|Any CPU
		{2E3193BD-B4E1-4BD9-812A-72EFEB7B9C00}.Release|Any CPU.ActiveCfg = Release|Any CPU
		{2E3193BD-B4E1-4BD9-812A-72EFEB7B9C00}.Release|Any CPU.Build.0 = Release|Any CPU
		{0EE153F8-47E9-4EF6-87BF-125423816C53}.Debug|Any CPU.ActiveCfg = Debug|Any CPU
		{0EE153F8-47E9-4EF6-87BF-125423816C53}.Debug|Any CPU.Build.0 = Debug|Any CPU
		{0EE153F8-47E9-4EF6-87BF-125423816C53}.Release|Any CPU.ActiveCfg = Release|Any CPU
		{0EE153F8-47E9-4EF6-87BF-125423816C53}.Release|Any CPU.Build.0 = Release|Any CPU
	EndGlobalSection
	GlobalSection(SolutionProperties) = preSolution
		HideSolutionNode = FALSE
	EndGlobalSection
	GlobalSection(ExtensibilityGlobals) = postSolution
		SolutionGuid = {81F83FF5-8FD2-4D52-AA82-A77A9C5DA0E2}
	EndGlobalSection
EndGlobal
